
Microsoft Visual Studio Solution File, Format Version 12.00
# Visual Studio Version 17
VisualStudioVersion = 17.0.31903.59
MinimumVisualStudioVersion = 10.0.40219.1
Project("{2150E333-8FDC-42A3-9474-1A3956D46DE8}") = "Bootstrapper", "Bootstrapper", "{02EA681E-C7D8-13C7-8484-4AC65E1B71E8}"
EndProject
Project("{2150E333-8FDC-42A3-9474-1A3956D46DE8}") = "Modules", "Modules", "{E3244AB4-E86D-4F25-B4EF-3A048D26C5C3}"
EndProject
Project("{2150E333-8FDC-42A3-9474-1A3956D46DE8}") = "Shared", "Shared", "{918B9ABA-6309-4966-9AAF-B01D9F366987}"
EndProject
Project("{FAE04EC0-301F-11D3-BF4B-00C04F79EFBC}") = "Api", "Bootstrapper\Api\Api.csproj", "{FF95FEF5-0DB1-43CE-833F-EE1EF631F3EC}"
EndProject
Project("{2150E333-8FDC-42A3-9474-1A3956D46DE8}") = "Catalog", "Catalog", "{B08C5999-A845-4E99-AD2C-6E66353F2A8C}"
EndProject
Project("{2150E333-8FDC-42A3-9474-1A3956D46DE8}") = "Basket", "Basket", "{1EF5AC4F-A022-49ED-BC12-99EE2AB9D52F}"
EndProject
Project("{2150E333-8FDC-42A3-9474-1A3956D46DE8}") = "Ordering", "Ordering", "{1DCDEC55-6153-46DB-9AF6-0AC4D3FC0757}"
EndProject
Project("{FAE04EC0-301F-11D3-BF4B-00C04F79EFBC}") = "Catalog", "Modules\Catalog\Catalog.csproj", "{A8DF618D-AF00-7119-5049-E5B2019BEA90}"
EndProject
Project("{FAE04EC0-301F-11D3-BF4B-00C04F79EFBC}") = "Basket", "Modules\Basket\Basket.csproj", "{C2777B98-39F6-403F-B499-EE6FDA4093DE}"
EndProject
Project("{FAE04EC0-301F-11D3-BF4B-00C04F79EFBC}") = "Ordering", "Modules\Ordering\Ordering.csproj", "{8DFB2BEE-4E17-4C5A-A142-9ACAF0D441A4}"
EndProject
Global
	GlobalSection(SolutionConfigurationPlatforms) = preSolution
		Debug|Any CPU = Debug|Any CPU
		Release|Any CPU = Release|Any CPU
	EndGlobalSection
	GlobalSection(ProjectConfigurationPlatforms) = postSolution
		{FF95FEF5-0DB1-43CE-833F-EE1EF631F3EC}.Debug|Any CPU.ActiveCfg = Debug|Any CPU
		{FF95FEF5-0DB1-43CE-833F-EE1EF631F3EC}.Debug|Any CPU.Build.0 = Debug|Any CPU
		{FF95FEF5-0DB1-43CE-833F-EE1EF631F3EC}.Release|Any CPU.ActiveCfg = Release|Any CPU
		{FF95FEF5-0DB1-43CE-833F-EE1EF631F3EC}.Release|Any CPU.Build.0 = Release|Any CPU
		{A8DF618D-AF00-7119-5049-E5B2019BEA90}.Debug|Any CPU.ActiveCfg = Debug|Any CPU
		{A8DF618D-AF00-7119-5049-E5B2019BEA90}.Debug|Any CPU.Build.0 = Debug|Any CPU
		{A8DF618D-AF00-7119-5049-E5B2019BEA90}.Release|Any CPU.ActiveCfg = Release|Any CPU
		{A8DF618D-AF00-7119-5049-E5B2019BEA90}.Release|Any CPU.Build.0 = Release|Any CPU
		{C2777B98-39F6-403F-B499-EE6FDA4093DE}.Debug|Any CPU.ActiveCfg = Debug|Any CPU
		{C2777B98-39F6-403F-B499-EE6FDA4093DE}.Debug|Any CPU.Build.0 = Debug|Any CPU
		{C2777B98-39F6-403F-B499-EE6FDA4093DE}.Release|Any CPU.ActiveCfg = Release|Any CPU
		{C2777B98-39F6-403F-B499-EE6FDA4093DE}.Release|Any CPU.Build.0 = Release|Any CPU
		{8DFB2BEE-4E17-4C5A-A142-9ACAF0D441A4}.Debug|Any CPU.ActiveCfg = Debug|Any CPU
		{8DFB2BEE-4E17-4C5A-A142-9ACAF0D441A4}.Debug|Any CPU.Build.0 = Debug|Any CPU
		{8DFB2BEE-4E17-4C5A-A142-9ACAF0D441A4}.Release|Any CPU.ActiveCfg = Release|Any CPU
		{8DFB2BEE-4E17-4C5A-A142-9ACAF0D441A4}.Release|Any CPU.Build.0 = Release|Any CPU
	EndGlobalSection
	GlobalSection(SolutionProperties) = preSolution
		HideSolutionNode = FALSE
	EndGlobalSection
	GlobalSection(NestedProjects) = preSolution
		{FF95FEF5-0DB1-43CE-833F-EE1EF631F3EC} = {02EA681E-C7D8-13C7-8484-4AC65E1B71E8}
		{B08C5999-A845-4E99-AD2C-6E66353F2A8C} = {E3244AB4-E86D-4F25-B4EF-3A048D26C5C3}
		{1EF5AC4F-A022-49ED-BC12-99EE2AB9D52F} = {E3244AB4-E86D-4F25-B4EF-3A048D26C5C3}
		{1DCDEC55-6153-46DB-9AF6-0AC4D3FC0757} = {E3244AB4-E86D-4F25-B4EF-3A048D26C5C3}
		{A8DF618D-AF00-7119-5049-E5B2019BEA90} = {B08C5999-A845-4E99-AD2C-6E66353F2A8C}
		{C2777B98-39F6-403F-B499-EE6FDA4093DE} = {1EF5AC4F-A022-49ED-BC12-99EE2AB9D52F}
		{8DFB2BEE-4E17-4C5A-A142-9ACAF0D441A4} = {1DCDEC55-6153-46DB-9AF6-0AC4D3FC0757}
	EndGlobalSection
	GlobalSection(ExtensibilityGlobals) = postSolution
		SolutionGuid = {06BBB7E7-383B-4F03-AA24-0C8ABD034D9C}
	EndGlobalSection
EndGlobal
